<?xml version="1.0" encoding="utf-8"?>
<Project ToolsVersion="4.0" xmlns="http://schemas.microsoft.com/developer/msbuild/2003">
  <ItemGroup>
    <Filter Include="Resource Files">
      <UniqueIdentifier>{67DA6AB6-F800-4c08-8B7A-83BB121AAD01}</UniqueIdentifier>
      <Extensions>rc;ico;cur;bmp;dlg;rc2;rct;bin;rgs;gif;jpg;jpeg;jpe;resx;tiff;tif;png;wav;mfcribbon-ms</Extensions>
    </Filter>
    <Filter Include="src">
      <UniqueIdentifier>{4FC737F1-C7A5-4376-A066-2A32D752A2FF}</UniqueIdentifier>
      <Extensions>cpp;c;cc;cxx;c++;cppm;ixx;def;odl;idl;hpj;bat;asm;asmx</Extensions>
    </Filter>
    <Filter Include="headers">
      <UniqueIdentifier>{93995380-89BD-4b04-88EB-625FBE52EBFB}</UniqueIdentifier>
      <Extensions>h;hh;hpp;hxx;h++;hm;inl;inc;ipp;xsd</Extensions>
    </Filter>
  </ItemGroup>
  <ItemGroup>
    <ClCompile Include="src\main.cpp">
      <Filter>src</Filter>
    </ClCompile>
    <ClCompile Include="src\utils\matrices\Matrix2.cpp">
      <Filter>src</Filter>
    </ClCompile>
    <ClCompile Include="src\utils\matrices\Matrix3.cpp">
      <Filter>src</Filter>
    </ClCompile>
    <ClCompile Include="src\utils\matrices\Matrix4.cpp">
      <Filter>src</Filter>
    </ClCompile>
    <ClCompile Include="src\utils\vectors\Vector2.cpp">
      <Filter>src</Filter>
    </ClCompile>
    <ClCompile Include="src\utils\vectors\Vector3.cpp">
      <Filter>src</Filter>
    </ClCompile>
    <ClCompile Include="src\utils\vectors\Vector4.cpp">
      <Filter>src</Filter>
    </ClCompile>
    <ClCompile Include="src\utils\shapes\Tetromino_I.cpp">
      <Filter>src</Filter>
    </ClCompile>
    <ClCompile Include="src\utils\shapes\Tetromino_L.cpp">
      <Filter>src</Filter>
    </ClCompile>
    <ClCompile Include="src\utils\shapes\Tetromino.cpp">
      <Filter>src</Filter>
    </ClCompile>
    <ClCompile Include="src\utils\shapes\Tetromino_RL.cpp">
      <Filter>src</Filter>
    </ClCompile>
    <ClCompile Include="src\utils\shapes\Tetromino_SQ.cpp">
      <Filter>src</Filter>
    </ClCompile>
    <ClCompile Include="src\utils\scene\SceneManager.cpp">
      <Filter>src</Filter>
    </ClCompile>
    <ClCompile Include="src\utils\shapes\Tetromino_T.cpp">
      <Filter>src</Filter>
    </ClCompile>
    <ClCompile Include="src\utils\shapes\Tetromino_S.cpp">
      <Filter>src</Filter>
    </ClCompile>
    <ClCompile Include="src\utils\shapes\Tetromino_RS.cpp">
      <Filter>src</Filter>
    </ClCompile>
    <ClCompile Include="src\utils\drawing\VertexBufferLayout.cpp">
      <Filter>src</Filter>
    </ClCompile>
    <ClCompile Include="src\utils\drawing\VertexBuffer.cpp">
      <Filter>src</Filter>
    </ClCompile>
    <ClCompile Include="src\utils\drawing\VertexArray.cpp">
      <Filter>src</Filter>
    </ClCompile>
    <ClCompile Include="src\utils\drawing\Shader.cpp">
      <Filter>src</Filter>
    </ClCompile>
    <ClCompile Include="src\utils\drawing\IndexBuffer.cpp">
      <Filter>src</Filter>
    </ClCompile>
    <ClCompile Include="src\utils\drawing\Renderer.cpp">
      <Filter>src</Filter>
    </ClCompile>
  </ItemGroup>
  <ItemGroup>
    <ClInclude Include="headers\matrices\Matrix2.h">
      <Filter>headers</Filter>
    </ClInclude>
    <ClInclude Include="headers\matrices\Matrix3.h">
      <Filter>headers</Filter>
    </ClInclude>
    <ClInclude Include="headers\matrices\Matrix4.h">
      <Filter>headers</Filter>
    </ClInclude>
    <ClInclude Include="headers\vectors\Vector2.h">
      <Filter>headers</Filter>
    </ClInclude>
    <ClInclude Include="headers\vectors\Vector3.h">
      <Filter>headers</Filter>
    </ClInclude>
    <ClInclude Include="headers\vectors\Vector4.h">
      <Filter>headers</Filter>
    </ClInclude>
    <ClInclude Include="headers\vertex\Vertex.h">
      <Filter>headers</Filter>
    </ClInclude>
    <ClInclude Include="headers\shapes\Tetromino.h">
      <Filter>headers</Filter>
    </ClInclude>
    <ClInclude Include="headers\scene\SceneManager.h">
      <Filter>headers</Filter>
    </ClInclude>
    <ClInclude Include="headers\drawing\VertexBufferLayout.h">
      <Filter>headers</Filter>
    </ClInclude>
    <ClInclude Include="headers\drawing\VertexBuffer.h">
      <Filter>headers</Filter>
    </ClInclude>
    <ClInclude Include="headers\drawing\VertexArray.h">
      <Filter>headers</Filter>
    </ClInclude>
    <ClInclude Include="headers\drawing\Shader.h">
      <Filter>headers</Filter>
    </ClInclude>
    <ClInclude Include="headers\drawing\Renderer.h">
      <Filter>headers</Filter>
    </ClInclude>
    <ClInclude Include="headers\drawing\IndexBuffer.h">
      <Filter>headers</Filter>
    </ClInclude>
  </ItemGroup>
  <ItemGroup>
    <None Include="resources\shaders\Vertex.shader" />
    <None Include="resources\shaders\Fragment.shader" />
    <None Include="resources\shaders\Basic.shader" />
  </ItemGroup>
</Project>